
Microsoft Visual Studio Solution File, Format Version 12.00
# Visual Studio Version 16
VisualStudioVersion = 16.0.32126.315
MinimumVisualStudioVersion = 10.0.40219.1
Project("{151D2E53-A2C4-4D7D-83FE-D05416EBD58E}") = "LogicApps", "LogicApps\LogicApps.deployproj", "{E513D1DB-F516-44FA-9B6C-06F941EB2405}"
EndProject
Global
	GlobalSection(SolutionConfigurationPlatforms) = preSolution
		Debug|Any CPU = Debug|Any CPU
		Release|Any CPU = Release|Any CPU
	EndGlobalSection
	GlobalSection(ProjectConfigurationPlatforms) = postSolution
		{E513D1DB-F516-44FA-9B6C-06F941EB2405}.Debug|Any CPU.ActiveCfg = Debug|Any CPU
		{E513D1DB-F516-44FA-9B6C-06F941EB2405}.Debug|Any CPU.Build.0 = Debug|Any CPU
		{E513D1DB-F516-44FA-9B6C-06F941EB2405}.Release|Any CPU.ActiveCfg = Release|Any CPU
		{E513D1DB-F516-44FA-9B6C-06F941EB2405}.Release|Any CPU.Build.0 = Release|Any CPU
	EndGlobalSection
	GlobalSection(SolutionProperties) = preSolution
		HideSolutionNode = FALSE
	EndGlobalSection
	GlobalSection(ExtensibilityGlobals) = postSolution
		SolutionGuid = {0F6D729F-AF8A-403B-A392-956945B6A1CE}
	EndGlobalSection
EndGlobal
